
Microsoft Visual Studio Solution File, Format Version 12.00
# Visual Studio Version 16
VisualStudioVersion = 16.0.30011.22
MinimumVisualStudioVersion = 10.0.40219.1
Project("{FAE04EC0-301F-11D3-BF4B-00C04F79EFBC}") = "MusicIndustryConcerts", "MusicIndustryConcerts\MusicIndustryConcerts.csproj", "{247591B1-C4A5-4A4C-A9FE-5A4C72B954FC}"
EndProject
Global
	GlobalSection(SolutionConfigurationPlatforms) = preSolution
		Debug|Any CPU = Debug|Any CPU
		Release|Any CPU = Release|Any CPU
	EndGlobalSection
	GlobalSection(ProjectConfigurationPlatforms) = postSolution
		{247591B1-C4A5-4A4C-A9FE-5A4C72B954FC}.Debug|Any CPU.ActiveCfg = Debug|Any CPU
		{247591B1-C4A5-4A4C-A9FE-5A4C72B954FC}.Debug|Any CPU.Build.0 = Debug|Any CPU
		{247591B1-C4A5-4A4C-A9FE-5A4C72B954FC}.Release|Any CPU.ActiveCfg = Release|Any CPU
		{247591B1-C4A5-4A4C-A9FE-5A4C72B954FC}.Release|Any CPU.Build.0 = Release|Any CPU
	EndGlobalSection
	GlobalSection(SolutionProperties) = preSolution
		HideSolutionNode = FALSE
	EndGlobalSection
	GlobalSection(ExtensibilityGlobals) = postSolution
		SolutionGuid = {B5A6766F-CF17-4792-BA8F-8BEA22C9CB5E}
	EndGlobalSection
EndGlobal
